{
    "_meta": {
        "hash": {
            "sha256": "6e175c3ab67a1627e5ae422d239bfdc3cdb54b642b609d5dd5c2a0ad0c338004"
        },
        "pipfile-spec": 6,
        "requires": {
            "python_version": "3.8"
        },
        "sources": [
            {
                "name": "pypi",
                "url": "https://pypi.python.org/simple",
                "verify_ssl": true
            }
        ]
    },
    "default": {
        "django-webpack-loader": {
            "hashes": [
                "sha256:290ce20a1347e14ba1cadfb5df90f2d1218eb81a1ecdcfb7ccc8ef9adab4b7d3",
                "sha256:7e34085b7fc4d352e482ff9cf7d09ae4524e730675e25432ab1d25a2dd94e583"
            ],
            "index": "pypi",
            "version": "==1.4.1"
        }
    },
    "develop": {}
}
